
Microsoft Visual Studio Solution File, Format Version 12.00
# Visual Studio 15
VisualStudioVersion = 15.0.28010.2050
MinimumVisualStudioVersion = 10.0.40219.1
Project("{FAE04EC0-301F-11D3-BF4B-00C04F79EFBC}") = "SimpleMovingGame.cs", "SimpleMovingGame.cs\SimpleMovingGame.cs.csproj", "{C29073BA-6EB1-4610-BC1A-9765B7AF6AAD}"
EndProject
Global
	GlobalSection(SolutionConfigurationPlatforms) = preSolution
		Debug|Any CPU = Debug|Any CPU
		Release|Any CPU = Release|Any CPU
	EndGlobalSection
	GlobalSection(ProjectConfigurationPlatforms) = postSolution
		{C29073BA-6EB1-4610-BC1A-9765B7AF6AAD}.Debug|Any CPU.ActiveCfg = Debug|Any CPU
		{C29073BA-6EB1-4610-BC1A-9765B7AF6AAD}.Debug|Any CPU.Build.0 = Debug|Any CPU
		{C29073BA-6EB1-4610-BC1A-9765B7AF6AAD}.Release|Any CPU.ActiveCfg = Release|Any CPU
		{C29073BA-6EB1-4610-BC1A-9765B7AF6AAD}.Release|Any CPU.Build.0 = Release|Any CPU
	EndGlobalSection
	GlobalSection(SolutionProperties) = preSolution
		HideSolutionNode = FALSE
	EndGlobalSection
	GlobalSection(ExtensibilityGlobals) = postSolution
		SolutionGuid = {9D2FC3D6-E6E8-4DB4-843D-1825AEE62D8A}
	EndGlobalSection
EndGlobal
